
Microsoft Visual Studio Solution File, Format Version 12.00
# Visual Studio Version 16
VisualStudioVersion = 16.0.29230.47
MinimumVisualStudioVersion = 10.0.40219.1
Project("{9A19103F-16F7-4668-BE54-9A1E7A4F7556}") = "fnalibs", "fnalibs\fnalibs.csproj", "{84528387-F8C5-460D-AC54-08D9E54D9185}"
EndProject
Project("{9A19103F-16F7-4668-BE54-9A1E7A4F7556}") = "demo", "src\demo\demo.csproj", "{3D65BBEF-42D2-42E7-B229-36642175809F}"
EndProject
Global
	GlobalSection(SolutionConfigurationPlatforms) = preSolution
		Debug|Any CPU = Debug|Any CPU
		Debug|iPhone = Debug|iPhone
		Debug|iPhoneSimulator = Debug|iPhoneSimulator
		Package|Any CPU = Package|Any CPU
		Package|iPhone = Package|iPhone
		Package|iPhoneSimulator = Package|iPhoneSimulator
		Release|Any CPU = Release|Any CPU
		Release|iPhone = Release|iPhone
		Release|iPhoneSimulator = Release|iPhoneSimulator
	EndGlobalSection
	GlobalSection(ProjectConfigurationPlatforms) = postSolution
		{84528387-F8C5-460D-AC54-08D9E54D9185}.Debug|Any CPU.ActiveCfg = Debug|Any CPU
		{84528387-F8C5-460D-AC54-08D9E54D9185}.Debug|Any CPU.Build.0 = Debug|Any CPU
		{84528387-F8C5-460D-AC54-08D9E54D9185}.Debug|iPhone.ActiveCfg = Debug|Any CPU
		{84528387-F8C5-460D-AC54-08D9E54D9185}.Debug|iPhone.Build.0 = Debug|Any CPU
		{84528387-F8C5-460D-AC54-08D9E54D9185}.Debug|iPhoneSimulator.ActiveCfg = Debug|Any CPU
		{84528387-F8C5-460D-AC54-08D9E54D9185}.Debug|iPhoneSimulator.Build.0 = Debug|Any CPU
		{84528387-F8C5-460D-AC54-08D9E54D9185}.Package|Any CPU.ActiveCfg = Release|Any CPU
		{84528387-F8C5-460D-AC54-08D9E54D9185}.Package|Any CPU.Build.0 = Release|Any CPU
		{84528387-F8C5-460D-AC54-08D9E54D9185}.Package|iPhone.ActiveCfg = Release|Any CPU
		{84528387-F8C5-460D-AC54-08D9E54D9185}.Package|iPhone.Build.0 = Release|Any CPU
		{84528387-F8C5-460D-AC54-08D9E54D9185}.Package|iPhoneSimulator.ActiveCfg = Release|Any CPU
		{84528387-F8C5-460D-AC54-08D9E54D9185}.Package|iPhoneSimulator.Build.0 = Release|Any CPU
		{84528387-F8C5-460D-AC54-08D9E54D9185}.Release|Any CPU.ActiveCfg = Release|Any CPU
		{84528387-F8C5-460D-AC54-08D9E54D9185}.Release|Any CPU.Build.0 = Release|Any CPU
		{84528387-F8C5-460D-AC54-08D9E54D9185}.Release|iPhone.ActiveCfg = Release|Any CPU
		{84528387-F8C5-460D-AC54-08D9E54D9185}.Release|iPhone.Build.0 = Release|Any CPU
		{84528387-F8C5-460D-AC54-08D9E54D9185}.Release|iPhoneSimulator.ActiveCfg = Release|Any CPU
		{84528387-F8C5-460D-AC54-08D9E54D9185}.Release|iPhoneSimulator.Build.0 = Release|Any CPU
		{3D65BBEF-42D2-42E7-B229-36642175809F}.Debug|Any CPU.ActiveCfg = Debug|Any CPU
		{3D65BBEF-42D2-42E7-B229-36642175809F}.Debug|Any CPU.Build.0 = Debug|Any CPU
		{3D65BBEF-42D2-42E7-B229-36642175809F}.Debug|iPhone.ActiveCfg = Debug|Any CPU
		{3D65BBEF-42D2-42E7-B229-36642175809F}.Debug|iPhone.Build.0 = Debug|Any CPU
		{3D65BBEF-42D2-42E7-B229-36642175809F}.Debug|iPhoneSimulator.ActiveCfg = Debug|Any CPU
		{3D65BBEF-42D2-42E7-B229-36642175809F}.Debug|iPhoneSimulator.Build.0 = Debug|Any CPU
		{3D65BBEF-42D2-42E7-B229-36642175809F}.Package|Any CPU.ActiveCfg = Debug|Any CPU
		{3D65BBEF-42D2-42E7-B229-36642175809F}.Package|Any CPU.Build.0 = Debug|Any CPU
		{3D65BBEF-42D2-42E7-B229-36642175809F}.Package|iPhone.ActiveCfg = Debug|Any CPU
		{3D65BBEF-42D2-42E7-B229-36642175809F}.Package|iPhone.Build.0 = Debug|Any CPU
		{3D65BBEF-42D2-42E7-B229-36642175809F}.Package|iPhoneSimulator.ActiveCfg = Debug|Any CPU
		{3D65BBEF-42D2-42E7-B229-36642175809F}.Package|iPhoneSimulator.Build.0 = Debug|Any CPU
		{3D65BBEF-42D2-42E7-B229-36642175809F}.Release|Any CPU.ActiveCfg = Release|Any CPU
		{3D65BBEF-42D2-42E7-B229-36642175809F}.Release|Any CPU.Build.0 = Release|Any CPU
		{3D65BBEF-42D2-42E7-B229-36642175809F}.Release|iPhone.ActiveCfg = Release|Any CPU
		{3D65BBEF-42D2-42E7-B229-36642175809F}.Release|iPhone.Build.0 = Release|Any CPU
		{3D65BBEF-42D2-42E7-B229-36642175809F}.Release|iPhoneSimulator.ActiveCfg = Release|Any CPU
		{3D65BBEF-42D2-42E7-B229-36642175809F}.Release|iPhoneSimulator.Build.0 = Release|Any CPU
	EndGlobalSection
	GlobalSection(SolutionProperties) = preSolution
		HideSolutionNode = FALSE
	EndGlobalSection
	GlobalSection(ExtensibilityGlobals) = postSolution
		SolutionGuid = {9E57F746-AAFF-48AC-808A-7A1F1593EB34}
	EndGlobalSection
EndGlobal
